// !$*UTF8*$!
{
	archiveVersion = 1;
	classes = {
	};
	objectVersion = 46;
	objects = {

/* Begin PBXBuildFile section */
		E4CFD2AA1F156ED100C91510 /* main.m in Sources */ = {isa = PBXBuildFile; fileRef = E4CFD2A91F156ED100C91510 /* main.m */; };
		E4CFD2AD1F156ED100C91510 /* AppDelegate.m in Sources */ = {isa = PBXBuildFile; fileRef = E4CFD2AC1F156ED100C91510 /* AppDelegate.m */; };
		E4CFD2B01F156ED100C91510 /* ViewController.m in Sources */ = {isa = PBXBuildFile; fileRef = E4CFD2AF1F156ED100C91510 /* ViewController.m */; };
		E4CFD2B31F156ED100C91510 /* Main.storyboard in Resources */ = {isa = PBXBuildFile; fileRef = E4CFD2B11F156ED100C91510 /* Main.storyboard */; };
		E4CFD2B51F156ED100C91510 /* Assets.xcassets in Resources */ = {isa = PBXBuildFile; fileRef = E4CFD2B41F156ED100C91510 /* Assets.xcassets */; };
		E4CFD2B81F156ED100C91510 /* LaunchScreen.storyboard in Resources */ = {isa = PBXBuildFile; fileRef = E4CFD2B61F156ED100C91510 /* LaunchScreen.storyboard */; };
		E4CFD2C31F156ED100C91510 /* BMICalculatorTests.m in Sources */ = {isa = PBXBuildFile; fileRef = E4CFD2C21F156ED100C91510 /* BMICalculatorTests.m */; };
		E4CFD2CF1F156F2600C91510 /* JSDBMI.m in Sources */ = {isa = PBXBuildFile; fileRef = E4CFD2CE1F156F2600C91510 /* JSDBMI.m */; };
		E4CFD2D01F161FEB00C91510 /* JSDBMI.m in Sources */ = {isa = PBXBuildFile; fileRef = E4CFD2CE1F156F2600C91510 /* JSDBMI.m */; };
/* End PBXBuildFile section */

/* Begin PBXContainerItemProxy section */
		E4CFD2BF1F156ED100C91510 /* PBXContainerItemProxy */ = {
			isa = PBXContainerItemProxy;
			containerPortal = E4CFD29D1F156ED100C91510 /* Project object */;
			proxyType = 1;
			remoteGlobalIDString = E4CFD2A41F156ED100C91510;
			remoteInfo = BMICalculator;
		};
/* End PBXContainerItemProxy section */

/* Begin PBXFileReference section */
		E4CFD2A51F156ED100C91510 /* BMICalculator.app */ = {isa = PBXFileReference; explicitFileType = wrapper.application; includeInIndex = 0; path = BMICalculator.app; sourceTree = BUILT_PRODUCTS_DIR; };
		E4CFD2A91F156ED100C91510 /* main.m */ = {isa = PBXFileReference; lastKnownFileType = sourcecode.c.objc; path = main.m; sourceTree = "<group>"; };
		E4CFD2AB1F156ED100C91510 /* AppDelegate.h */ = {isa = PBXFileReference; lastKnownFileType = sourcecode.c.h; path = AppDelegate.h; sourceTree = "<group>"; };
		E4CFD2AC1F156ED100C91510 /* AppDelegate.m */ = {isa = PBXFileReference; lastKnownFileType = sourcecode.c.objc; path = AppDelegate.m; sourceTree = "<group>"; };
		E4CFD2AE1F156ED100C91510 /* ViewController.h */ = {isa = PBXFileReference; lastKnownFileType = sourcecode.c.h; path = ViewController.h; sourceTree = "<group>"; };
		E4CFD2AF1F156ED100C91510 /* ViewController.m */ = {isa = PBXFileReference; lastKnownFileType = sourcecode.c.objc; path = ViewController.m; sourceTree = "<group>"; };
		E4CFD2B21F156ED100C91510 /* Base */ = {isa = PBXFileReference; lastKnownFileType = file.storyboard; name = Base; path = Base.lproj/Main.storyboard; sourceTree = "<group>"; };
		E4CFD2B41F156ED100C91510 /* Assets.xcassets */ = {isa = PBXFileReference; lastKnownFileType = folder.assetcatalog; path = Assets.xcassets; sourceTree = "<group>"; };
		E4CFD2B71F156ED100C91510 /* Base */ = {isa = PBXFileReference; lastKnownFileType = file.storyboard; name = Base; path = Base.lproj/LaunchScreen.storyboard; sourceTree = "<group>"; };
		E4CFD2B91F156ED100C91510 /* Info.plist */ = {isa = PBXFileReference; lastKnownFileType = text.plist.xml; path = Info.plist; sourceTree = "<group>"; };
		E4CFD2BE1F156ED100C91510 /* BMICalculatorTests.xctest */ = {isa = PBXFileReference; explicitFileType = wrapper.cfbundle; includeInIndex = 0; path = BMICalculatorTests.xctest; sourceTree = BUILT_PRODUCTS_DIR; };
		E4CFD2C21F156ED100C91510 /* BMICalculatorTests.m */ = {isa = PBXFileReference; lastKnownFileType = sourcecode.c.objc; path = BMICalculatorTests.m; sourceTree = "<group>"; };
		E4CFD2C41F156ED100C91510 /* Info.plist */ = {isa = PBXFileReference; lastKnownFileType = text.plist.xml; path = Info.plist; sourceTree = "<group>"; };
		E4CFD2CD1F156F2600C91510 /* JSDBMI.h */ = {isa = PBXFileReference; fileEncoding = 4; lastKnownFileType = sourcecode.c.h; path = JSDBMI.h; sourceTree = "<group>"; };
		E4CFD2CE1F156F2600C91510 /* JSDBMI.m */ = {isa = PBXFileReference; fileEncoding = 4; lastKnownFileType = sourcecode.c.objc; path = JSDBMI.m; sourceTree = "<group>"; };
/* End PBXFileReference section */

/* Begin PBXFrameworksBuildPhase section */
		E4CFD2A21F156ED100C91510 /* Frameworks */ = {
			isa = PBXFrameworksBuildPhase;
			buildActionMask = 2147483647;
			files = (
			);
			runOnlyForDeploymentPostprocessing = 0;
		};
		E4CFD2BB1F156ED100C91510 /* Frameworks */ = {
			isa = PBXFrameworksBuildPhase;
			buildActionMask = 2147483647;
			files = (
			);
			runOnlyForDeploymentPostprocessing = 0;
		};
/* End PBXFrameworksBuildPhase section */

/* Begin PBXGroup section */
		E4CFD29C1F156ED100C91510 = {
			isa = PBXGroup;
			children = (
				E4CFD2A71F156ED100C91510 /* BMICalculator */,
				E4CFD2C11F156ED100C91510 /* BMICalculatorTests */,
				E4CFD2A61F156ED100C91510 /* Products */,
			);
			sourceTree = "<group>";
		};
		E4CFD2A61F156ED100C91510 /* Products */ = {
			isa = PBXGroup;
			children = (
				E4CFD2A51F156ED100C91510 /* BMICalculator.app */,
				E4CFD2BE1F156ED100C91510 /* BMICalculatorTests.xctest */,
			);
			name = Products;
			sourceTree = "<group>";
		};
		E4CFD2A71F156ED100C91510 /* BMICalculator */ = {
			isa = PBXGroup;
			children = (
				E4CFD2AB1F156ED100C91510 /* AppDelegate.h */,
				E4CFD2AC1F156ED100C91510 /* AppDelegate.m */,
				E4CFD2AE1F156ED100C91510 /* ViewController.h */,
				E4CFD2AF1F156ED100C91510 /* ViewController.m */,
				E4CFD2B11F156ED100C91510 /* Main.storyboard */,
				E4CFD2B41F156ED100C91510 /* Assets.xcassets */,
				E4CFD2B61F156ED100C91510 /* LaunchScreen.storyboard */,
				E4CFD2B91F156ED100C91510 /* Info.plist */,
				E4CFD2A81F156ED100C91510 /* Supporting Files */,
				E4CFD2CD1F156F2600C91510 /* JSDBMI.h */,
				E4CFD2CE1F156F2600C91510 /* JSDBMI.m */,
			);
			path = BMICalculator;
			sourceTree = "<group>";
		};
		E4CFD2A81F156ED100C91510 /* Supporting Files */ = {
			isa = PBXGroup;
			children = (
				E4CFD2A91F156ED100C91510 /* main.m */,
			);
			name = "Supporting Files";
			sourceTree = "<group>";
		};
		E4CFD2C11F156ED100C91510 /* BMICalculatorTests */ = {
			isa = PBXGroup;
			children = (
				E4CFD2C21F156ED100C91510 /* BMICalculatorTests.m */,
				E4CFD2C41F156ED100C91510 /* Info.plist */,
			);
			path = BMICalculatorTests;
			sourceTree = "<group>";
		};
/* End PBXGroup section */

/* Begin PBXNativeTarget section */
		E4CFD2A41F156ED100C91510 /* BMICalculator */ = {
			isa = PBXNativeTarget;
			buildConfigurationList = E4CFD2C71F156ED100C91510 /* Build configuration list for PBXNativeTarget "BMICalculator" */;
			buildPhases = (
				E4CFD2A11F156ED100C91510 /* Sources */,
				E4CFD2A21F156ED100C91510 /* Frameworks */,
				E4CFD2A31F156ED100C91510 /* Resources */,
			);
			buildRules = (
			);
			dependencies = (
			);
			name = BMICalculator;
			productName = BMICalculator;
			productReference = E4CFD2A51F156ED100C91510 /* BMICalculator.app */;
			productType = "com.apple.product-type.application";
		};
		E4CFD2BD1F156ED100C91510 /* BMICalculatorTests */ = {
			isa = PBXNativeTarget;
			buildConfigurationList = E4CFD2CA1F156ED100C91510 /* Build configuration list for PBXNativeTarget "BMICalculatorTests" */;
			buildPhases = (
				E4CFD2BA1F156ED100C91510 /* Sources */,
				E4CFD2BB1F156ED100C91510 /* Frameworks */,
				E4CFD2BC1F156ED100C91510 /* Resources */,
			);
			buildRules = (
			);
			dependencies = (
				E4CFD2C01F156ED100C91510 /* PBXTargetDependency */,
			);
			name = BMICalculatorTests;
			productName = BMICalculatorTests;
			productReference = E4CFD2BE1F156ED100C91510 /* BMICalculatorTests.xctest */;
			productType = "com.apple.product-type.bundle.unit-test";
		};
/* End PBXNativeTarget section */

/* Begin PBXProject section */
		E4CFD29D1F156ED100C91510 /* Project object */ = {
			isa = PBXProject;
			attributes = {
				LastUpgradeCheck = 0830;
				ORGANIZATIONNAME = "Junction Seven";
				TargetAttributes = {
					E4CFD2A41F156ED100C91510 = {
						CreatedOnToolsVersion = 8.3.3;
						DevelopmentTeam = 6ZBXMFUFJ7;
						ProvisioningStyle = Automatic;
					};
					E4CFD2BD1F156ED100C91510 = {
						CreatedOnToolsVersion = 8.3.3;
						DevelopmentTeam = 6ZBXMFUFJ7;
						ProvisioningStyle = Automatic;
						TestTargetID = E4CFD2A41F156ED100C91510;
					};
				};
			};
			buildConfigurationList = E4CFD2A01F156ED100C91510 /* Build configuration list for PBXProject "BMICalculator" */;
			compatibilityVersion = "Xcode 3.2";
			developmentRegion = English;
			hasScannedForEncodings = 0;
			knownRegions = (
				en,
				Base,
			);
			mainGroup = E4CFD29C1F156ED100C91510;
			productRefGroup = E4CFD2A61F156ED100C91510 /* Products */;
			projectDirPath = "";
			projectRoot = "";
			targets = (
				E4CFD2A41F156ED100C91510 /* BMICalculator */,
				E4CFD2BD1F156ED100C91510 /* BMICalculatorTests */,
			);
		};
/* End PBXProject section */

/* Begin PBXResourcesBuildPhase section */
		E4CFD2A31F156ED100C91510 /* Resources */ = {
			isa = PBXResourcesBuildPhase;
			buildActionMask = 2147483647;
			files = (
				E4CFD2B81F156ED100C91510 /* LaunchScreen.storyboard in Resources */,
				E4CFD2B51F156ED100C91510 /* Assets.xcassets in Resources */,
				E4CFD2B31F156ED100C91510 /* Main.storyboard in Resources */,
			);
			runOnlyForDeploymentPostprocessing = 0;
		};
		E4CFD2BC1F156ED100C91510 /* Resources */ = {
			isa = PBXResourcesBuildPhase;
			buildActionMask = 2147483647;
			files = (
			);
			runOnlyForDeploymentPostprocessing = 0;
		};
/* End PBXResourcesBuildPhase section */

/* Begin PBXSourcesBuildPhase section */
		E4CFD2A11F156ED100C91510 /* Sources */ = {
			isa = PBXSourcesBuildPhase;
			buildActionMask = 2147483647;
			files = (
				E4CFD2CF1F156F2600C91510 /* JSDBMI.m in Sources */,
				E4CFD2B01F156ED100C91510 /* ViewController.m in Sources */,
				E4CFD2AD1F156ED100C91510 /* AppDelegate.m in Sources */,
				E4CFD2AA1F156ED100C91510 /* main.m in Sources */,
			);
			runOnlyForDeploymentPostprocessing = 0;
		};
		E4CFD2BA1F156ED100C91510 /* Sources */ = {
			isa = PBXSourcesBuildPhase;
			buildActionMask = 2147483647;
			files = (
				E4CFD2D01F161FEB00C91510 /* JSDBMI.m in Sources */,
				E4CFD2C31F156ED100C91510 /* BMICalculatorTests.m in Sources */,
			);
			runOnlyForDeploymentPostprocessing = 0;
		};
/* End PBXSourcesBuildPhase section */

/* Begin PBXTargetDependency section */
		E4CFD2C01F156ED100C91510 /* PBXTargetDependency */ = {
			isa = PBXTargetDependency;
			target = E4CFD2A41F156ED100C91510 /* BMICalculator */;
			targetProxy = E4CFD2BF1F156ED100C91510 /* PBXContainerItemProxy */;
		};
/* End PBXTargetDependency section */

/* Begin PBXVariantGroup section */
		E4CFD2B11F156ED100C91510 /* Main.storyboard */ = {
			isa = PBXVariantGroup;
			children = (
				E4CFD2B21F156ED100C91510 /* Base */,
			);
			name = Main.storyboard;
			sourceTree = "<group>";
		};
		E4CFD2B61F156ED100C91510 /* LaunchScreen.storyboard */ = {
			isa = PBXVariantGroup;
			children = (
				E4CFD2B71F156ED100C91510 /* Base */,
			);
			name = LaunchScreen.storyboard;
			sourceTree = "<group>";
		};
/* End PBXVariantGroup section */

/* Begin XCBuildConfiguration section */
		E4CFD2C51F156ED100C91510 /* Debug */ = {
			isa = XCBuildConfiguration;
			buildSettings = {
				ALWAYS_SEARCH_USER_PATHS = NO;
				CLANG_ANALYZER_NONNULL = YES;
				CLANG_ANALYZER_NUMBER_OBJECT_CONVERSION = YES_AGGRESSIVE;
				CLANG_CXX_LANGUAGE_STANDARD = "gnu++0x";
				CLANG_CXX_LIBRARY = "libc++";
				CLANG_ENABLE_MODULES = YES;
				CLANG_ENABLE_OBJC_ARC = YES;
				CLANG_WARN_BOOL_CONVERSION = YES;
				CLANG_WARN_CONSTANT_CONVERSION = YES;
				CLANG_WARN_DIRECT_OBJC_ISA_USAGE = YES_ERROR;
				CLANG_WARN_DOCUMENTATION_COMMENTS = YES;
				CLANG_WARN_EMPTY_BODY = YES;
				CLANG_WARN_ENUM_CONVERSION = YES;
				CLANG_WARN_INFINITE_RECURSION = YES;
				CLANG_WARN_INT_CONVERSION = YES;
				CLANG_WARN_OBJC_ROOT_CLASS = YES_ERROR;
				CLANG_WARN_SUSPICIOUS_MOVE = YES;
				CLANG_WARN_UNREACHABLE_CODE = YES;
				CLANG_WARN__DUPLICATE_METHOD_MATCH = YES;
				"CODE_SIGN_IDENTITY[sdk=iphoneos*]" = "iPhone Developer";
				COPY_PHASE_STRIP = NO;
				DEBUG_INFORMATION_FORMAT = dwarf;
				ENABLE_STRICT_OBJC_MSGSEND = YES;
				ENABLE_TESTABILITY = YES;
				GCC_C_LANGUAGE_STANDARD = gnu99;
				GCC_DYNAMIC_NO_PIC = NO;
				GCC_NO_COMMON_BLOCKS = YES;
				GCC_OPTIMIZATION_LEVEL = 0;
				GCC_PREPROCESSOR_DEFINITIONS = (
					"DEBUG=1",
					"$(inherited)",
				);
				GCC_WARN_64_TO_32_BIT_CONVERSION = YES;
				GCC_WARN_ABOUT_RETURN_TYPE = YES_ERROR;
				GCC_WARN_UNDECLARED_SELECTOR = YES;
				GCC_WARN_UNINITIALIZED_AUTOS = YES_AGGRESSIVE;
				GCC_WARN_UNUSED_FUNCTION = YES;
				GCC_WARN_UNUSED_VARIABLE = YES;
				IPHONEOS_DEPLOYMENT_TARGET = 10.3;
				MTL_ENABLE_DEBUG_INFO = YES;
				ONLY_ACTIVE_ARCH = YES;
				SDKROOT = iphoneos;
				TARGETED_DEVICE_FAMILY = "1,2";
			};
			name = Debug;
		};
		E4CFD2C61F156ED100C91510 /* Release */ = {
			isa = XCBuildConfiguration;
			buildSettings = {
				ALWAYS_SEARCH_USER_PATHS = NO;
				CLANG_ANALYZER_NONNULL = YES;
				CLANG_ANALYZER_NUMBER_OBJECT_CONVERSION = YES_AGGRESSIVE;
				CLANG_CXX_LANGUAGE_STANDARD = "gnu++0x";
				CLANG_CXX_LIBRARY = "libc++";
				CLANG_ENABLE_MODULES = YES;
				CLANG_ENABLE_OBJC_ARC = YES;
				CLANG_WARN_BOOL_CONVERSION = YES;
				CLANG_WARN_CONSTANT_CONVERSION = YES;
				CLANG_WARN_DIRECT_OBJC_ISA_USAGE = YES_ERROR;
				CLANG_WARN_DOCUMENTATION_COMMENTS = YES;
				CLANG_WARN_EMPTY_BODY = YES;
				CLANG_WARN_ENUM_CONVERSION = YES;
				CLANG_WARN_INFINITE_RECURSION = YES;
				CLANG_WARN_INT_CONVERSION = YES;
				CLANG_WARN_OBJC_ROOT_CLASS = YES_ERROR;
				CLANG_WARN_SUSPICIOUS_MOVE = YES;
				CLANG_WARN_UNREACHABLE_CODE = YES;
				CLANG_WARN__DUPLICATE_METHOD_MATCH = YES;
				"CODE_SIGN_IDENTITY[sdk=iphoneos*]" = "iPhone Developer";
				COPY_PHASE_STRIP = NO;
				DEBUG_INFORMATION_FORMAT = "dwarf-with-dsym";
				ENABLE_NS_ASSERTIONS = NO;
				ENABLE_STRICT_OBJC_MSGSEND = YES;
				GCC_C_LANGUAGE_STANDARD = gnu99;
				GCC_NO_COMMON_BLOCKS = YES;
				GCC_WARN_64_TO_32_BIT_CONVERSION = YES;
				GCC_WARN_ABOUT_RETURN_TYPE = YES_ERROR;
				GCC_WARN_UNDECLARED_SELECTOR = YES;
				GCC_WARN_UNINITIALIZED_AUTOS = YES_AGGRESSIVE;
				GCC_WARN_UNUSED_FUNCTION = YES;
				GCC_WARN_UNUSED_VARIABLE = YES;
				IPHONEOS_DEPLOYMENT_TARGET = 10.3;
				MTL_ENABLE_DEBUG_INFO = NO;
				SDKROOT = iphoneos;
				TARGETED_DEVICE_FAMILY = "1,2";
				VALIDATE_PRODUCT = YES;
			};
			name = Release;
		};
		E4CFD2C81F156ED100C91510 /* Debug */ = {
			isa = XCBuildConfiguration;
			buildSettings = {
				ASSETCATALOG_COMPILER_APPICON_NAME = AppIcon;
				DEVELOPMENT_TEAM = 6ZBXMFUFJ7;
				INFOPLIST_FILE = BMICalculator/Info.plist;
				LD_RUNPATH_SEARCH_PATHS = "$(inherited) @executable_path/Frameworks";
				PRODUCT_BUNDLE_IDENTIFIER = com.junctionseven.BMICalculator;
				PRODUCT_NAME = "$(TARGET_NAME)";
			};
			name = Debug;
		};
		E4CFD2C91F156ED100C91510 /* Release */ = {
			isa = XCBuildConfiguration;
			buildSettings = {
				ASSETCATALOG_COMPILER_APPICON_NAME = AppIcon;
				DEVELOPMENT_TEAM = 6ZBXMFUFJ7;
				INFOPLIST_FILE = BMICalculator/Info.plist;
				LD_RUNPATH_SEARCH_PATHS = "$(inherited) @executable_path/Frameworks";
				PRODUCT_BUNDLE_IDENTIFIER = com.junctionseven.BMICalculator;
				PRODUCT_NAME = "$(TARGET_NAME)";
			};
			name = Release;
		};
		E4CFD2CB1F156ED100C91510 /* Debug */ = {
			isa = XCBuildConfiguration;
			buildSettings = {
				BUNDLE_LOADER = "$(TEST_HOST)";
				DEVELOPMENT_TEAM = 6ZBXMFUFJ7;
				INFOPLIST_FILE = BMICalculatorTests/Info.plist;
				LD_RUNPATH_SEARCH_PATHS = "$(inherited) @executable_path/Frameworks @loader_path/Frameworks";
				PRODUCT_BUNDLE_IDENTIFIER = com.junctionseven.BMICalculatorTests;
				PRODUCT_NAME = "$(TARGET_NAME)";
				TEST_HOST = "$(BUILT_PRODUCTS_DIR)/BMICalculator.app/BMICalculator";
			};
			name = Debug;
		};
		E4CFD2CC1F156ED100C91510 /* Release */ = {
			isa = XCBuildConfiguration;
			buildSettings = {
				BUNDLE_LOADER = "$(TEST_HOST)";
				DEVELOPMENT_TEAM = 6ZBXMFUFJ7;
				INFOPLIST_FILE = BMICalculatorTests/Info.plist;
				LD_RUNPATH_SEARCH_PATHS = "$(inherited) @executable_path/Frameworks @loader_path/Frameworks";
				PRODUCT_BUNDLE_IDENTIFIER = com.junctionseven.BMICalculatorTests;
				PRODUCT_NAME = "$(TARGET_NAME)";
				TEST_HOST = "$(BUILT_PRODUCTS_DIR)/BMICalculator.app/BMICalculator";
			};
			name = Release;
		};
/* End XCBuildConfiguration section */

/* Begin XCConfigurationList section */
		E4CFD2A01F156ED100C91510 /* Build configuration list for PBXProject "BMICalculator" */ = {
			isa = XCConfigurationList;
			buildConfigurations = (
				E4CFD2C51F156ED100C91510 /* Debug */,
				E4CFD2C61F156ED100C91510 /* Release */,
			);
			defaultConfigurationIsVisible = 0;
			defaultConfigurationName = Release;
		};
		E4CFD2C71F156ED100C91510 /* Build configuration list for PBXNativeTarget "BMICalculator" */ = {
			isa = XCConfigurationList;
			buildConfigurations = (
				E4CFD2C81F156ED100C91510 /* Debug */,
				E4CFD2C91F156ED100C91510 /* Release */,
			);
			defaultConfigurationIsVisible = 0;
			defaultConfigurationName = Release;
		};
		E4CFD2CA1F156ED100C91510 /* Build configuration list for PBXNativeTarget "BMICalculatorTests" */ = {
			isa = XCConfigurationList;
			buildConfigurations = (
				E4CFD2CB1F156ED100C91510 /* Debug */,
				E4CFD2CC1F156ED100C91510 /* Release */,
			);
			defaultConfigurationIsVisible = 0;
			defaultConfigurationName = Release;
		};
/* End XCConfigurationList section */
	};
	rootObject = E4CFD29D1F156ED100C91510 /* Project object */;
}
